
Microsoft Visual Studio Solution File, Format Version 12.00
# Visual Studio Version 17
VisualStudioVersion = 17.4.33213.308
MinimumVisualStudioVersion = 10.0.40219.1
Project("{FAE04EC0-301F-11D3-BF4B-00C04F79EFBC}") = "MegaDesk-JuliaLassig", "MegaDesk-JuliaLassig\MegaDesk-JuliaLassig.csproj", "{0416FA40-6168-4B3B-A699-E6D10D3AC44A}"
EndProject
Global
	GlobalSection(SolutionConfigurationPlatforms) = preSolution
		Debug|Any CPU = Debug|Any CPU
		Release|Any CPU = Release|Any CPU
	EndGlobalSection
	GlobalSection(ProjectConfigurationPlatforms) = postSolution
		{0416FA40-6168-4B3B-A699-E6D10D3AC44A}.Debug|Any CPU.ActiveCfg = Debug|Any CPU
		{0416FA40-6168-4B3B-A699-E6D10D3AC44A}.Debug|Any CPU.Build.0 = Debug|Any CPU
		{0416FA40-6168-4B3B-A699-E6D10D3AC44A}.Release|Any CPU.ActiveCfg = Release|Any CPU
		{0416FA40-6168-4B3B-A699-E6D10D3AC44A}.Release|Any CPU.Build.0 = Release|Any CPU
	EndGlobalSection
	GlobalSection(SolutionProperties) = preSolution
		HideSolutionNode = FALSE
	EndGlobalSection
	GlobalSection(ExtensibilityGlobals) = postSolution
		SolutionGuid = {282E8F79-53E7-4D2E-ACAA-CA04FF442BA8}
	EndGlobalSection
EndGlobal
