
Microsoft Visual Studio Solution File, Format Version 12.00
# Visual Studio Version 17
VisualStudioVersion = 17.7.34202.233
MinimumVisualStudioVersion = 10.0.40219.1
Project("{FAE04EC0-301F-11D3-BF4B-00C04F79EFBC}") = "MvcMovie", "MvcMovie.csproj", "{67352A61-D529-426B-B328-31F2E37B58AC}"
EndProject
Global
	GlobalSection(SolutionConfigurationPlatforms) = preSolution
		Debug|Any CPU = Debug|Any CPU
		Release|Any CPU = Release|Any CPU
	EndGlobalSection
	GlobalSection(ProjectConfigurationPlatforms) = postSolution
		{67352A61-D529-426B-B328-31F2E37B58AC}.Debug|Any CPU.ActiveCfg = Debug|Any CPU
		{67352A61-D529-426B-B328-31F2E37B58AC}.Debug|Any CPU.Build.0 = Debug|Any CPU
		{67352A61-D529-426B-B328-31F2E37B58AC}.Release|Any CPU.ActiveCfg = Release|Any CPU
		{67352A61-D529-426B-B328-31F2E37B58AC}.Release|Any CPU.Build.0 = Release|Any CPU
	EndGlobalSection
	GlobalSection(SolutionProperties) = preSolution
		HideSolutionNode = FALSE
	EndGlobalSection
	GlobalSection(ExtensibilityGlobals) = postSolution
		SolutionGuid = {D04A09FA-D49A-45D4-9F9A-2BF80131EE34}
	EndGlobalSection
EndGlobal
