
Microsoft Visual Studio Solution File, Format Version 12.00
# Visual Studio Version 17
VisualStudioVersion = 17.4.33213.308
MinimumVisualStudioVersion = 10.0.40219.1
Project("{FAE04EC0-301F-11D3-BF4B-00C04F79EFBC}") = "Classes", "Classes\Classes.csproj", "{816B357C-7FC0-4235-8064-98DB11ED936B}"
EndProject
Global
	GlobalSection(SolutionConfigurationPlatforms) = preSolution
		Debug|Any CPU = Debug|Any CPU
		Release|Any CPU = Release|Any CPU
	EndGlobalSection
	GlobalSection(ProjectConfigurationPlatforms) = postSolution
		{816B357C-7FC0-4235-8064-98DB11ED936B}.Debug|Any CPU.ActiveCfg = Debug|Any CPU
		{816B357C-7FC0-4235-8064-98DB11ED936B}.Debug|Any CPU.Build.0 = Debug|Any CPU
		{816B357C-7FC0-4235-8064-98DB11ED936B}.Release|Any CPU.ActiveCfg = Release|Any CPU
		{816B357C-7FC0-4235-8064-98DB11ED936B}.Release|Any CPU.Build.0 = Release|Any CPU
	EndGlobalSection
	GlobalSection(SolutionProperties) = preSolution
		HideSolutionNode = FALSE
	EndGlobalSection
	GlobalSection(ExtensibilityGlobals) = postSolution
		SolutionGuid = {7E5D9EC2-F2D1-4CEC-B765-501306FE2DB5}
	EndGlobalSection
EndGlobal
