
Microsoft Visual Studio Solution File, Format Version 12.00
# Visual Studio Version 17
VisualStudioVersion = 17.7.34202.233
MinimumVisualStudioVersion = 10.0.40219.1
Project("{FAE04EC0-301F-11D3-BF4B-00C04F79EFBC}") = "RazorPagesMovie", "RazorPagesMovie.csproj", "{E7A92A69-E12E-4E01-90DB-4D5A83953288}"
EndProject
Global
	GlobalSection(SolutionConfigurationPlatforms) = preSolution
		Debug|Any CPU = Debug|Any CPU
		Release|Any CPU = Release|Any CPU
	EndGlobalSection
	GlobalSection(ProjectConfigurationPlatforms) = postSolution
		{E7A92A69-E12E-4E01-90DB-4D5A83953288}.Debug|Any CPU.ActiveCfg = Debug|Any CPU
		{E7A92A69-E12E-4E01-90DB-4D5A83953288}.Debug|Any CPU.Build.0 = Debug|Any CPU
		{E7A92A69-E12E-4E01-90DB-4D5A83953288}.Release|Any CPU.ActiveCfg = Release|Any CPU
		{E7A92A69-E12E-4E01-90DB-4D5A83953288}.Release|Any CPU.Build.0 = Release|Any CPU
	EndGlobalSection
	GlobalSection(SolutionProperties) = preSolution
		HideSolutionNode = FALSE
	EndGlobalSection
	GlobalSection(ExtensibilityGlobals) = postSolution
		SolutionGuid = {37DA6E78-277E-4E92-A918-72A325E0C221}
	EndGlobalSection
EndGlobal
